
Microsoft Visual Studio Solution File, Format Version 12.00
# Visual Studio Version 17
VisualStudioVersion = 17.14.36414.22
MinimumVisualStudioVersion = 10.0.40219.1
Project("{FAE04EC0-301F-11D3-BF4B-00C04F79EFBC}") = "WeatherApp", "WeatherApp\WeatherApp.csproj", "{F7D54D3C-9E68-49E4-AA95-ADC25C87F81B}"
EndProject
Global
	GlobalSection(SolutionConfigurationPlatforms) = preSolution
		Debug|Any CPU = Debug|Any CPU
		Release|Any CPU = Release|Any CPU
	EndGlobalSection
	GlobalSection(ProjectConfigurationPlatforms) = postSolution
		{F7D54D3C-9E68-49E4-AA95-ADC25C87F81B}.Debug|Any CPU.ActiveCfg = Debug|Any CPU
		{F7D54D3C-9E68-49E4-AA95-ADC25C87F81B}.Debug|Any CPU.Build.0 = Debug|Any CPU
		{F7D54D3C-9E68-49E4-AA95-ADC25C87F81B}.Release|Any CPU.ActiveCfg = Release|Any CPU
		{F7D54D3C-9E68-49E4-AA95-ADC25C87F81B}.Release|Any CPU.Build.0 = Release|Any CPU
	EndGlobalSection
	GlobalSection(SolutionProperties) = preSolution
		HideSolutionNode = FALSE
	EndGlobalSection
	GlobalSection(ExtensibilityGlobals) = postSolution
		SolutionGuid = {21FD9CE6-CD0E-445B-9CB6-3DFFC1CC1F98}
	EndGlobalSection
EndGlobal
